{
    "_meta": {
        "hash": {
            "sha256": "26c25166b1c1c35d0c8871229a8fb34baa37389ba0d5dd40633ac33c8d16e10a"
        },
        "pipfile-spec": 6,
        "requires": {
            "python_version": "3.7"
        },
        "sources": [
            {
                "name": "pypi",
                "url": "https://pypi.org/simple",
                "verify_ssl": true
            }
        ]
    },
    "default": {
        "atomicwrites": {
            "hashes": [
                "sha256:6d1784dea7c0c8d4a5172b6c620f40b6e4cbfdf96d783691f2e1302a7b88e197",
                "sha256:ae70396ad1a434f9c7046fd2dd196fc04b12f9e91ffb859164193be8b6168a7a"
            ],
            "index": "pypi",
            "version": "==1.4.0"
        },
        "attrs": {
            "hashes": [
                "sha256:2d27e3784d7a565d36ab851fe94887c5eccd6a463168875832a1be79c82828b4",
                "sha256:626ba8234211db98e869df76230a137c4c40a12d72445c45d5f5b716f076e2fd"
            ],
            "markers": "python_version >= '2.7' and python_version not in '3.0, 3.1, 3.2, 3.3, 3.4'",
            "version": "==21.4.0"
        },
        "cerberus": {
            "hashes": [
                "sha256:d1b21b3954b2498d9a79edf16b3170a3ac1021df88d197dc2ce5928ba519237c"
            ],
            "index": "pypi",
            "version": "==1.3.4"
        },
        "certifi": {
            "hashes": [
                "sha256:78884e7c1d4b00ce3cea67b44566851c4343c120abd683433ce934a68ea58872",
                "sha256:d62a0163eb4c2344ac042ab2bdf75399a71a2d8c7d47eac2e2ee91b9d6339569"
            ],
            "version": "==2021.10.8"
        },
        "cfgv": {
            "hashes": [
                "sha256:c6a0883f3917a037485059700b9e75da2464e6c27051014ad85ba6aaa5884426",
                "sha256:f5a830efb9ce7a445376bb66ec94c638a9787422f96264c98edc6bdeed8ab736"
            ],
            "markers": "python_full_version >= '3.6.1'",
            "version": "==3.3.1"
        },
        "charset-normalizer": {
            "hashes": [
                "sha256:876d180e9d7432c5d1dfd4c5d26b72f099d503e8fcc0feb7532c9289be60fcbd",
                "sha256:cb957888737fc0bbcd78e3df769addb41fd1ff8cf950dc9e7ad7793f1bf44455"
            ],
            "markers": "python_version >= '3'",
            "version": "==2.0.10"
        },
        "click": {
            "hashes": [
                "sha256:353f466495adaeb40b6b5f592f9f91cb22372351c84caeb068132442a4518ef3",
                "sha256:410e932b050f5eed773c4cda94de75971c89cdb3155a72a0831139a79e5ecb5b"
            ],
            "markers": "python_version >= '3.6'",
            "version": "==8.0.3"
        },
        "coverage": {
            "hashes": [
                "sha256:08907593569fe59baca0bf152c43f3863201efb6113ecb38ce7e97ce339805a6",
                "sha256:0be0f1ed45fc0c185cfd4ecc19a1d6532d72f86a2bac9de7e24541febad72650",
                "sha256:141f08ed3c4b1847015e2cd62ec06d35e67a3ac185c26f7635f4406b90afa9c5",
                "sha256:19e4df788a0581238e9390c85a7a09af39c7b539b29f25c89209e6c3e371270d",
                "sha256:23cc09ed395b03424d1ae30dcc292615c1372bfba7141eb85e11e50efaa6b351",
                "sha256:245388cda02af78276b479f299bbf3783ef0a6a6273037d7c60dc73b8d8d7755",
                "sha256:331cb5115673a20fb131dadd22f5bcaf7677ef758741312bee4937d71a14b2ef",
                "sha256:386e2e4090f0bc5df274e720105c342263423e77ee8826002dcffe0c9533dbca",
                "sha256:3a794ce50daee01c74a494919d5ebdc23d58873747fa0e288318728533a3e1ca",
                "sha256:60851187677b24c6085248f0a0b9b98d49cba7ecc7ec60ba6b9d2e5574ac1ee9",
                "sha256:63a9a5fc43b58735f65ed63d2cf43508f462dc49857da70b8980ad78d41d52fc",
                "sha256:6b62544bb68106e3f00b21c8930e83e584fdca005d4fffd29bb39fb3ffa03cb5",
                "sha256:6ba744056423ef8d450cf627289166da65903885272055fb4b5e113137cfa14f",
                "sha256:7494b0b0274c5072bddbfd5b4a6c6f18fbbe1ab1d22a41e99cd2d00c8f96ecfe",
                "sha256:826f32b9547c8091679ff292a82aca9c7b9650f9fda3e2ca6bf2ac905b7ce888",
                "sha256:93715dffbcd0678057f947f496484e906bf9509f5c1c38fc9ba3922893cda5f5",
                "sha256:9a334d6c83dfeadae576b4d633a71620d40d1c379129d587faa42ee3e2a85cce",
                "sha256:af7ed8a8aa6957aac47b4268631fa1df984643f07ef00acd374e456364b373f5",
                "sha256:bf0a7aed7f5521c7ca67febd57db473af4762b9622254291fbcbb8cd0ba5e33e",
                "sha256:bf1ef9eb901113a9805287e090452c05547578eaab1b62e4ad456fcc049a9b7e",
                "sha256:c0afd27bc0e307a1ffc04ca5ec010a290e49e3afbe841c5cafc5c5a80ecd81c9",
                "sha256:dd579709a87092c6dbee09d1b7cfa81831040705ffa12a1b248935274aee0437",
                "sha256:df6712284b2e44a065097846488f66840445eb987eb81b3cc6e4149e7b6982e1",
                "sha256:e07d9f1a23e9e93ab5c62902833bf3e4b1f65502927379148b6622686223125c",
                "sha256:e2ede7c1d45e65e209d6093b762e98e8318ddeff95317d07a27a2140b80cfd24",
                "sha256:e4ef9c164eb55123c62411f5936b5c2e521b12356037b6e1c2617cef45523d47",
                "sha256:eca2b7343524e7ba246cab8ff00cab47a2d6d54ada3b02772e908a45675722e2",
                "sha256:eee64c616adeff7db37cc37da4180a3a5b6177f5c46b187894e633f088fb5b28",
                "sha256:ef824cad1f980d27f26166f86856efe11eff9912c4fed97d3804820d43fa550c",
                "sha256:efc89291bd5a08855829a3c522df16d856455297cf35ae827a37edac45f466a7",
                "sha256:fa964bae817babece5aa2e8c1af841bebb6d0b9add8e637548809d040443fee0",
                "sha256:ff37757e068ae606659c28c3bd0d923f9d29a85de79bf25b2b34b148473b5025"
            ],
            "index": "pypi",
            "version": "==4.5.4"
        },
        "decorator": {
            "hashes": [
                "sha256:637996211036b6385ef91435e4fae22989472f9d571faba8927ba8253acbc330",
                "sha256:b8c3f85900b9dc423225913c5aace94729fe1fa9763b38939a95226f02d37186"
            ],
            "markers": "python_version >= '3.5'",
            "version": "==5.1.1"
        },
        "distlib": {
            "hashes": [
                "sha256:6564fe0a8f51e734df6333d08b8b94d4ea8ee6b99b5ed50613f731fd4089f34b",
                "sha256:e4b58818180336dc9c529bfb9a0b58728ffc09ad92027a3f30b7cd91e3458579"
            ],
            "version": "==0.3.4"
        },
        "distro": {
            "hashes": [
                "sha256:83f5e5a09f9c5f68f60173de572930effbcc0287bb84fdc4426cb4168c088424",
                "sha256:c8713330ab31a034623a9515663ed87696700b55f04556b97c39cd261aa70dc7"
            ],
            "version": "==1.6.0"
        },
        "filelock": {
            "hashes": [
                "sha256:38b4f4c989f9d06d44524df1b24bd19e167d851f19b50bf3e3559952dddc5b80",
                "sha256:cf0fc6a2f8d26bd900f19bf33915ca70ba4dd8c56903eeb14e1e7a2fd7590146"
            ],
            "markers": "python_version >= '3.7'",
            "version": "==3.4.2"
        },
        "flake8": {
            "hashes": [
                "sha256:07528381786f2a6237b061f6e96610a4167b226cb926e2aa2b6b1d78057c576b",
                "sha256:bf8fd333346d844f616e8d47905ef3a3384edae6b4e9beb0c5101e25e3110907"
            ],
            "index": "pypi",
            "version": "==3.9.2"
        },
        "identify": {
            "hashes": [
                "sha256:6b4b5031f69c48bf93a646b90de9b381c6b5f560df4cbe0ed3cf7650ae741e4d",
                "sha256:aa68609c7454dbcaae60a01ff6b8df1de9b39fe6e50b1f6107ec81dcda624aa6"
            ],
            "markers": "python_full_version >= '3.6.1'",
            "version": "==2.4.4"
        },
        "idna": {
            "hashes": [
                "sha256:84d9dd047ffa80596e0f246e2eab0b391788b0503584e8945f2368256d2735ff",
                "sha256:9d643ff0a55b762d5cdb124b8eaa99c66322e2157b69160bc32796e824360e6d"
            ],
            "markers": "python_version >= '3'",
            "version": "==3.3"
        },
        "importlib-metadata": {
            "hashes": [
                "sha256:92a8b58ce734b2a4494878e0ecf7d79ccd7a128b5fc6014c401e0b61f006f0f6",
                "sha256:b7cf7d3fef75f1e4c80a96ca660efbd51473d7e8f39b5ab9210febc7809012a4"
            ],
            "markers": "python_version < '3.8'",
            "version": "==4.10.0"
        },
        "iniconfig": {
            "hashes": [
                "sha256:011e24c64b7f47f6ebd835bb12a743f2fbe9a26d4cecaa7f53bc4f35ee9da8b3",
                "sha256:bc3af051d7d14b2ee5ef9969666def0cd1a000e121eaea580d4a313df4b37f32"
            ],
            "version": "==1.1.1"
        },
        "isort": {
            "hashes": [
                "sha256:6f62d78e2f89b4500b080fe3a81690850cd254227f27f75c3a0c491a1f351ba7",
                "sha256:e8443a5e7a020e9d7f97f1d7d9cd17c88bcb3bc7e218bf9cf5095fe550be2951"
            ],
            "index": "pypi",
            "version": "==5.10.1"
        },
        "jproperties": {
            "hashes": [
                "sha256:40b71124e8d257e8954899a91cd2d5c0f72e0f67f1b72048a5ba264567604f29",
                "sha256:4dfcd7cab56d9c79bce4453f7ca9ffbe0ff0574ddcf1c2a99a8646df60634664"
            ],
            "index": "pypi",
            "version": "==2.1.1"
        },
        "mccabe": {
            "hashes": [
                "sha256:ab8a6258860da4b6677da4bd2fe5dc2c659cff31b3ee4f7f5d64e79735b80d42",
                "sha256:dd8d182285a0fe56bace7f45b5e7d1a6ebcbf524e8f3bd87eb0f125271b8831f"
            ],
            "version": "==0.6.1"
        },
        "mypy": {
            "hashes": [
                "sha256:0038b21890867793581e4cb0d810829f5fd4441aa75796b53033af3aa30430ce",
                "sha256:1171f2e0859cfff2d366da2c7092b06130f232c636a3f7301e3feb8b41f6377d",
                "sha256:1b06268df7eb53a8feea99cbfff77a6e2b205e70bf31743e786678ef87ee8069",
                "sha256:1b65714dc296a7991000b6ee59a35b3f550e0073411ac9d3202f6516621ba66c",
                "sha256:1bf752559797c897cdd2c65f7b60c2b6969ffe458417b8d947b8340cc9cec08d",
                "sha256:300717a07ad09525401a508ef5d105e6b56646f7942eb92715a1c8d610149714",
                "sha256:3c5b42d0815e15518b1f0990cff7a705805961613e701db60387e6fb663fe78a",
                "sha256:4365c60266b95a3f216a3047f1d8e3f895da6c7402e9e1ddfab96393122cc58d",
                "sha256:50c7346a46dc76a4ed88f3277d4959de8a2bd0a0fa47fa87a4cde36fe247ac05",
                "sha256:5b56154f8c09427bae082b32275a21f500b24d93c88d69a5e82f3978018a0266",
                "sha256:74f7eccbfd436abe9c352ad9fb65872cc0f1f0a868e9d9c44db0893440f0c697",
                "sha256:7b3f6f557ba4afc7f2ce6d3215d5db279bcf120b3cfd0add20a5d4f4abdae5bc",
                "sha256:8c11003aaeaf7cc2d0f1bc101c1cc9454ec4cc9cb825aef3cafff8a5fdf4c799",
                "sha256:8ca7f8c4b1584d63c9a0f827c37ba7a47226c19a23a753d52e5b5eddb201afcd",
                "sha256:c89702cac5b302f0c5d33b172d2b55b5df2bede3344a2fbed99ff96bddb2cf00",
                "sha256:d8f1ff62f7a879c9fe5917b3f9eb93a79b78aad47b533911b853a757223f72e7",
                "sha256:d9d2b84b2007cea426e327d2483238f040c49405a6bf4074f605f0156c91a47a",
                "sha256:e839191b8da5b4e5d805f940537efcaa13ea5dd98418f06dc585d2891d228cf0",
                "sha256:f9fe20d0872b26c4bba1c1be02c5340de1019530302cf2dcc85c7f9fc3252ae0",
                "sha256:ff3bf387c14c805ab1388185dd22d6b210824e164d4bb324b195ff34e322d166"
            ],
            "index": "pypi",
            "version": "==0.931"
        },
        "mypy-extensions": {
            "hashes": [
                "sha256:090fedd75945a69ae91ce1303b5824f428daf5a028d2f6ab8a299250a846f15d",
                "sha256:2d82818f5bb3e369420cb3c4060a7970edba416647068eb4c5343488a6c604a8"
            ],
            "version": "==0.4.3"
        },
        "nodeenv": {
            "hashes": [
                "sha256:3ef13ff90291ba2a4a7a4ff9a979b63ffdd00a464dbe04acf0ea6471517a4c2b",
                "sha256:621e6b7076565ddcacd2db0294c0381e01fd28945ab36bcf00f41c5daf63bef7"
            ],
            "version": "==1.6.0"
        },
        "packaging": {
            "hashes": [
                "sha256:dd47c42927d89ab911e606518907cc2d3a1f38bbd026385970643f9c5b8ecfeb",
                "sha256:ef103e05f519cdc783ae24ea4e2e0f508a9c99b2d4969652eed6a2e1ea5bd522"
            ],
            "markers": "python_version >= '3.6'",
            "version": "==21.3"
        },
        "pathspec": {
            "hashes": [
                "sha256:7d15c4ddb0b5c802d161efc417ec1a2558ea2653c2e8ad9c19098201dc1c993a",
                "sha256:e564499435a2673d586f6b2130bb5b95f04a3ba06f81b8f895b651a3c76aabb1"
            ],
            "version": "==0.9.0"
        },
        "platformdirs": {
            "hashes": [
                "sha256:1d7385c7db91728b83efd0ca99a5afb296cab9d0ed8313a45ed8ba17967ecfca",
                "sha256:440633ddfebcc36264232365d7840a970e75e1018d15b4327d11f91909045fda"
            ],
            "markers": "python_version >= '3.7'",
            "version": "==2.4.1"
        },
        "pluggy": {
            "hashes": [
                "sha256:4224373bacce55f955a878bf9cfa763c1e360858e330072059e10bad68531159",
                "sha256:74134bbf457f031a36d68416e1509f34bd5ccc019f0bcc952c7b909d06b37bd3"
            ],
            "markers": "python_version >= '3.6'",
            "version": "==1.0.0"
        },
        "pre-commit": {
            "hashes": [
                "sha256:3c25add78dbdfb6a28a651780d5c311ac40dd17f160eb3954a0c59da40a505a7",
                "sha256:a4ed01000afcb484d9eb8d504272e642c4c4099bbad3a6b27e519bd6a3e928a6"
            ],
            "index": "pypi",
            "version": "==2.15.0"
        },
        "psutil": {
            "hashes": [
                "sha256:072664401ae6e7c1bfb878c65d7282d4b4391f1bc9a56d5e03b5a490403271b5",
                "sha256:1070a9b287846a21a5d572d6dddd369517510b68710fca56b0e9e02fd24bed9a",
                "sha256:1d7b433519b9a38192dfda962dd8f44446668c009833e1429a52424624f408b4",
                "sha256:3151a58f0fbd8942ba94f7c31c7e6b310d2989f4da74fcbf28b934374e9bf841",
                "sha256:32acf55cb9a8cbfb29167cd005951df81b567099295291bcfd1027365b36591d",
                "sha256:3611e87eea393f779a35b192b46a164b1d01167c9d323dda9b1e527ea69d697d",
                "sha256:3d00a664e31921009a84367266b35ba0aac04a2a6cad09c550a89041034d19a0",
                "sha256:4e2fb92e3aeae3ec3b7b66c528981fd327fb93fd906a77215200404444ec1845",
                "sha256:539e429da49c5d27d5a58e3563886057f8fc3868a5547b4f1876d9c0f007bccf",
                "sha256:55ce319452e3d139e25d6c3f85a1acf12d1607ddedea5e35fb47a552c051161b",
                "sha256:58c7d923dc209225600aec73aa2c4ae8ea33b1ab31bc11ef8a5933b027476f07",
                "sha256:7336292a13a80eb93c21f36bde4328aa748a04b68c13d01dfddd67fc13fd0618",
                "sha256:742c34fff804f34f62659279ed5c5b723bb0195e9d7bd9907591de9f8f6558e2",
                "sha256:7641300de73e4909e5d148e90cc3142fb890079e1525a840cf0dfd39195239fd",
                "sha256:76cebf84aac1d6da5b63df11fe0d377b46b7b500d892284068bacccf12f20666",
                "sha256:7779be4025c540d1d65a2de3f30caeacc49ae7a2152108adeaf42c7534a115ce",
                "sha256:7d190ee2eaef7831163f254dc58f6d2e2a22e27382b936aab51c835fc080c3d3",
                "sha256:8293942e4ce0c5689821f65ce6522ce4786d02af57f13c0195b40e1edb1db61d",
                "sha256:869842dbd66bb80c3217158e629d6fceaecc3a3166d3d1faee515b05dd26ca25",
                "sha256:90a58b9fcae2dbfe4ba852b57bd4a1dded6b990a33d6428c7614b7d48eccb492",
                "sha256:9b51917c1af3fa35a3f2dabd7ba96a2a4f19df3dec911da73875e1edaf22a40b",
                "sha256:b2237f35c4bbae932ee98902a08050a27821f8f6dfa880a47195e5993af4702d",
                "sha256:c3400cae15bdb449d518545cbd5b649117de54e3596ded84aacabfbb3297ead2",
                "sha256:c51f1af02334e4b516ec221ee26b8fdf105032418ca5a5ab9737e8c87dafe203",
                "sha256:cb8d10461c1ceee0c25a64f2dd54872b70b89c26419e147a05a10b753ad36ec2",
                "sha256:d62a2796e08dd024b8179bd441cb714e0f81226c352c802fca0fd3f89eeacd94",
                "sha256:df2c8bd48fb83a8408c8390b143c6a6fa10cb1a674ca664954de193fdcab36a9",
                "sha256:e5c783d0b1ad6ca8a5d3e7b680468c9c926b804be83a3a8e95141b05c39c9f64",
                "sha256:e9805fed4f2a81de98ae5fe38b75a74c6e6ad2df8a5c479594c7629a1fe35f56",
                "sha256:ea42d747c5f71b5ccaa6897b216a7dadb9f52c72a0fe2b872ef7d3e1eacf3ba3",
                "sha256:ef216cc9feb60634bda2f341a9559ac594e2eeaadd0ba187a4c2eb5b5d40b91c",
                "sha256:ff0d41f8b3e9ebb6b6110057e40019a432e96aae2008951121ba4e56040b84f3"
            ],
            "index": "pypi",
            "version": "==5.9.0"
        },
        "py": {
            "hashes": [
                "sha256:51c75c4126074b472f746a24399ad32f6053d1b34b68d2fa41e558e6f4a98719",
                "sha256:607c53218732647dff4acdfcd50cb62615cedf612e72d1724fb1a0cc6405b378"
            ],
            "markers": "python_version >= '2.7' and python_version not in '3.0, 3.1, 3.2, 3.3, 3.4'",
            "version": "==1.11.0"
        },
        "pycodestyle": {
            "hashes": [
                "sha256:514f76d918fcc0b55c6680472f0a37970994e07bbb80725808c17089be302068",
                "sha256:c389c1d06bf7904078ca03399a4816f974a1d590090fecea0c63ec26ebaf1cef"
            ],
            "markers": "python_version >= '2.7' and python_version not in '3.0, 3.1, 3.2, 3.3'",
            "version": "==2.7.0"
        },
        "pyflakes": {
            "hashes": [
                "sha256:7893783d01b8a89811dd72d7dfd4d84ff098e5eed95cfa8905b22bbffe52efc3",
                "sha256:f5bc8ecabc05bb9d291eb5203d6810b49040f6ff446a756326104746cc00c1db"
            ],
            "markers": "python_version >= '2.7' and python_version not in '3.0, 3.1, 3.2, 3.3'",
            "version": "==2.3.1"
        },
        "pyparsing": {
            "hashes": [
                "sha256:04ff808a5b90911829c55c4e26f75fa5ca8a2f5f36aa3a51f68e27033341d3e4",
                "sha256:d9bdec0013ef1eb5a84ab39a3b3868911598afa494f5faa038647101504e2b81"
            ],
            "markers": "python_version >= '3.6'",
            "version": "==3.0.6"
        },
        "pytest": {
            "hashes": [
                "sha256:131b36680866a76e6781d13f101efb86cf674ebb9762eb70d3082b6f29889e89",
                "sha256:7310f8d27bc79ced999e760ca304d69f6ba6c6649c0b60fb0e04a4a77cacc134"
            ],
            "index": "pypi",
            "version": "==6.2.5"
        },
        "pytest-cov": {
            "hashes": [
                "sha256:45ec2d5182f89a81fc3eb29e3d1ed3113b9e9a873bcddb2a71faaab066110191",
                "sha256:47bd0ce14056fdd79f93e1713f88fad7bdcc583dcd7783da86ef2f085a0bb88e"
            ],
            "index": "pypi",
            "version": "==2.10.1"
        },
        "pyyaml": {
            "hashes": [
                "sha256:08682f6b72c722394747bddaf0aa62277e02557c0fd1c42cb853016a38f8dedf",
                "sha256:0f5f5786c0e09baddcd8b4b45f20a7b5d61a7e7e99846e3c799b05c7c53fa696",
                "sha256:129def1b7c1bf22faffd67b8f3724645203b79d8f4cc81f674654d9902cb4393",
                "sha256:294db365efa064d00b8d1ef65d8ea2c3426ac366c0c4368d930bf1c5fb497f77",
                "sha256:3b2b1824fe7112845700f815ff6a489360226a5609b96ec2190a45e62a9fc922",
                "sha256:3bd0e463264cf257d1ffd2e40223b197271046d09dadf73a0fe82b9c1fc385a5",
                "sha256:4465124ef1b18d9ace298060f4eccc64b0850899ac4ac53294547536533800c8",
                "sha256:49d4cdd9065b9b6e206d0595fee27a96b5dd22618e7520c33204a4a3239d5b10",
                "sha256:4e0583d24c881e14342eaf4ec5fbc97f934b999a6828693a99157fde912540cc",
                "sha256:5accb17103e43963b80e6f837831f38d314a0495500067cb25afab2e8d7a4018",
                "sha256:607774cbba28732bfa802b54baa7484215f530991055bb562efbed5b2f20a45e",
                "sha256:6c78645d400265a062508ae399b60b8c167bf003db364ecb26dcab2bda048253",
                "sha256:72a01f726a9c7851ca9bfad6fd09ca4e090a023c00945ea05ba1638c09dc3347",
                "sha256:74c1485f7707cf707a7aef42ef6322b8f97921bd89be2ab6317fd782c2d53183",
                "sha256:895f61ef02e8fed38159bb70f7e100e00f471eae2bc838cd0f4ebb21e28f8541",
                "sha256:8c1be557ee92a20f184922c7b6424e8ab6691788e6d86137c5d93c1a6ec1b8fb",
                "sha256:bb4191dfc9306777bc594117aee052446b3fa88737cd13b7188d0e7aa8162185",
                "sha256:bfb51918d4ff3d77c1c856a9699f8492c612cde32fd3bcd344af9be34999bfdc",
                "sha256:c20cfa2d49991c8b4147af39859b167664f2ad4561704ee74c1de03318e898db",
                "sha256:cb333c16912324fd5f769fff6bc5de372e9e7a202247b48870bc251ed40239aa",
                "sha256:d2d9808ea7b4af864f35ea216be506ecec180628aced0704e34aca0b040ffe46",
                "sha256:d483ad4e639292c90170eb6f7783ad19490e7a8defb3e46f97dfe4bacae89122",
                "sha256:dd5de0646207f053eb0d6c74ae45ba98c3395a571a2891858e87df7c9b9bd51b",
                "sha256:e1d4970ea66be07ae37a3c2e48b5ec63f7ba6804bdddfdbd3cfd954d25a82e63",
                "sha256:e4fac90784481d221a8e4b1162afa7c47ed953be40d31ab4629ae917510051df",
                "sha256:fa5ae20527d8e831e8230cbffd9f8fe952815b2b7dae6ffec25318803a7528fc",
                "sha256:fd7f6999a8070df521b6384004ef42833b9bd62cfee11a09bda1079b4b704247",
                "sha256:fdc842473cd33f45ff6bce46aea678a54e3d21f1b61a7750ce3c498eedfe25d6",
                "sha256:fe69978f3f768926cfa37b867e3843918e012cf83f680806599ddce33c2c68b0"
            ],
            "index": "pypi",
            "version": "==5.4.1"
        },
        "requests": {
            "hashes": [
                "sha256:68d7c56fd5a8999887728ef304a6d12edc7be74f1cfa47714fc8b414525c9a61",
                "sha256:f22fa1e554c9ddfd16e6e41ac79759e17be9e492b3587efa038054674760e72d"
            ],
            "index": "pypi",
            "version": "==2.27.1"
        },
        "ruyaml": {
            "hashes": [
                "sha256:50e0ee3389c77ad340e209472e0effd41ae0275246df00cdad0a067532171755",
                "sha256:6ce9de9f4d082d696d3bde264664d1bcdca8f5a9dff9d1a1f1a127969ab871ab"
            ],
            "markers": "python_version >= '3.6'",
            "version": "==0.91.0"
        },
        "six": {
            "hashes": [
                "sha256:1e61c37477a1626458e36f7b1d82aa5c9b094fa4802892072e49de9c60c4c926",
                "sha256:8abb2f1d86890a2dfb989f9a77cfcfd3e47c2a354b01111771326f8aa26e0254"
            ],
            "markers": "python_version >= '2.7' and python_version not in '3.0, 3.1, 3.2, 3.3'",
            "version": "==1.16.0"
        },
        "sortedcontainers": {
            "hashes": [
                "sha256:25caa5a06cc30b6b83d11423433f65d1f9d76c4c6a0c90e3379eaa43b9bfdb88",
                "sha256:a163dcaede0f1c021485e957a39245190e74249897e2ae4b2aa38595db237ee0"
            ],
            "index": "pypi",
            "version": "==2.4.0"
        },
        "toml": {
            "hashes": [
                "sha256:806143ae5bfb6a3c6e736a764057db0e6a0e05e338b5630894a5f779cabb4f9b",
                "sha256:b3bda1d108d5dd99f4a20d24d9c348e91c4db7ab1b749200bded2f839ccbe68f"
            ],
            "markers": "python_version >= '2.6' and python_version not in '3.0, 3.1, 3.2, 3.3'",
            "version": "==0.10.2"
        },
        "tomli": {
            "hashes": [
                "sha256:b5bde28da1fed24b9bd1d4d2b8cba62300bfb4ec9a6187a957e8ddb9434c5224",
                "sha256:c292c34f58502a1eb2bbb9f5bbc9a5ebc37bee10ffb8c2d6bbdfa8eb13cc14e1"
            ],
            "markers": "python_version >= '3.7'",
            "version": "==2.0.0"
        },
        "typed-ast": {
            "hashes": [
                "sha256:24058827d8f5d633f97223f5148a7d22628099a3d2efe06654ce872f46f07cdb",
                "sha256:256115a5bc7ea9e665c6314ed6671ee2c08ca380f9d5f130bd4d2c1f5848d695",
                "sha256:38cf5c642fa808300bae1281460d4f9b7617cf864d4e383054a5ef336e344d32",
                "sha256:484137cab8ecf47e137260daa20bafbba5f4e3ec7fda1c1e69ab299b75fa81c5",
                "sha256:4f30a2bcd8e68adbb791ce1567fdb897357506f7ea6716f6bbdd3053ac4d9471",
                "sha256:591bc04e507595887160ed7aa8d6785867fb86c5793911be79ccede61ae96f4d",
                "sha256:5b6ab14c56bc9c7e3c30228a0a0b54b915b1579613f6e463ba6f4eb1382e7fd4",
                "sha256:5d8314c92414ce7481eee7ad42b353943679cf6f30237b5ecbf7d835519e1212",
                "sha256:71dcda943a471d826ea930dd449ac7e76db7be778fcd722deb63642bab32ea3f",
                "sha256:7c42707ab981b6cf4b73490c16e9d17fcd5227039720ca14abe415d39a173a30",
                "sha256:9caaf2b440efb39ecbc45e2fabde809cbe56272719131a6318fd9bf08b58e2cb",
                "sha256:a2b8d7007f6280e36fa42652df47087ac7b0a7d7f09f9468f07792ba646aac2d",
                "sha256:a6d495c1ef572519a7bac9534dbf6d94c40e5b6a608ef41136133377bba4aa08",
                "sha256:a80d84f535642420dd17e16ae25bb46c7f4c16ee231105e7f3eb43976a89670a",
                "sha256:b53ae5de5500529c76225d18eeb060efbcec90ad5e030713fe8dab0fb4531631",
                "sha256:b6d17f37f6edd879141e64a5db17b67488cfeffeedad8c5cec0392305e9bc775",
                "sha256:c9bcad65d66d594bffab8575f39420fe0ee96f66e23c4d927ebb4e24354ec1af",
                "sha256:ca9e8300d8ba0b66d140820cf463438c8e7b4cdc6fd710c059bfcfb1531d03fb",
                "sha256:de4ecae89c7d8b56169473e08f6bfd2df7f95015591f43126e4ea7865928677e"
            ],
            "markers": "python_version < '3.8'",
            "version": "==1.5.1"
        },
        "types-pyyaml": {
            "hashes": [
                "sha256:3f4daa754357491625ae8c3a39c9e1b0d7cd5632bc4e1c35e7a7f75a64aa124b",
                "sha256:e06083f85375a5678e4c19452ed6467ce2167b71db222313e1792cb8fc76859a"
            ],
            "index": "pypi",
            "version": "==5.4.12"
        },
        "types-requests": {
            "hashes": [
                "sha256:2e0e100dd489f83870d4f61949d3a7eae4821e7bfbf46c57e463c38f92d473d4",
                "sha256:f38bd488528cdcbce5b01dc953972f3cead0d060cfd9ee35b363066c25bab13c"
            ],
            "index": "pypi",
            "version": "==2.27.7"
        },
        "types-urllib3": {
            "hashes": [
                "sha256:3adcf2cb5981809091dbff456e6999fe55f201652d8c360f99997de5ac2f556e",
                "sha256:cfd1fbbe4ba9a605ed148294008aac8a7b8b7472651d1cc357d507ae5962e3d2"
            ],
            "version": "==1.26.7"
        },
        "typing-extensions": {
            "hashes": [
                "sha256:4ca091dea149f945ec56afb48dae714f21e8692ef22a395223bcd328961b6a0e",
                "sha256:7f001e5ac290a0c0401508864c7ec868be4e701886d5b573a9528ed3973d9d3b"
            ],
            "markers": "python_version < '3.8'",
            "version": "==4.0.1"
        },
        "urllib3": {
            "hashes": [
                "sha256:000ca7f471a233c2251c6c7023ee85305721bfdf18621ebff4fd17a8653427ed",
                "sha256:0e7c33d9a63e7ddfcb86780aac87befc2fbddf46c58dbb487e0855f7ceec283c"
            ],
            "markers": "python_version >= '2.7' and python_version not in '3.0, 3.1, 3.2, 3.3, 3.4' and python_version < '4'",
            "version": "==1.26.8"
        },
        "validators": {
            "hashes": [
                "sha256:0143dcca8a386498edaf5780cbd5960da1a4c85e0719f3ee5c9b41249c4fefbd",
                "sha256:37cd9a9213278538ad09b5b9f9134266e7c226ab1fede1d500e29e0a8fbb9ea6"
            ],
            "index": "pypi",
            "version": "==0.18.2"
        },
        "virtualenv": {
            "hashes": [
                "sha256:339f16c4a86b44240ba7223d0f93a7887c3ca04b5f9c8129da7958447d079b09",
                "sha256:d8458cf8d59d0ea495ad9b34c2599487f8a7772d796f9910858376d1600dd2dd"
            ],
            "markers": "python_version >= '2.7' and python_version not in '3.0, 3.1, 3.2, 3.3, 3.4'",
            "version": "==20.13.0"
        },
        "yamlfix": {
            "hashes": [
                "sha256:66094ed651d598baff809cfe9d0fdce447b70ad844c4319c18913a5ff58721af",
                "sha256:b3d32734506bfbe28c4edea05f593e4a3a8ea4c1ad9b3490e971b0237ab6188d"
            ],
            "index": "pypi",
            "version": "==0.8.0"
        },
        "yamllint": {
            "hashes": [
                "sha256:3934dcde484374596d6b52d8db412929a169f6d9e52e20f9ade5bf3523d9b96e"
            ],
            "index": "pypi",
            "version": "==1.26.3"
        },
        "zipp": {
            "hashes": [
                "sha256:9f50f446828eb9d45b267433fd3e9da8d801f614129124863f9c51ebceafb87d",
                "sha256:b47250dd24f92b7dd6a0a8fc5244da14608f3ca90a5efcd37a3b1642fac9a375"
            ],
            "markers": "python_version >= '3.7'",
            "version": "==3.7.0"
        }
    },
    "develop": {}
}
