{
    "name": "cf-url-rewriter",
    "version": "1.0.0",
    "lockfileVersion": 2,
    "requires": true,
    "packages": {
        "": {
            "name": "cf-url-rewriter",
            "version": "1.0.0",
            "license": "ISC",
            "devDependencies": {
                "@types/aws-lambda": "^8.10.68",
                "@types/node": "^14.14.19",
                "typescript": "^4.1.3"
            }
        },
        "node_modules/@types/aws-lambda": {
            "version": "8.10.92",
            "resolved": "https://registry.npmjs.org/@types/aws-lambda/-/aws-lambda-8.10.92.tgz",
            "integrity": "sha512-dB14TltT1SNq73z3MaZfKyyBZ37NAgAFl8jze59bisR4fJ6pB6AYGxItHFkooZbN7UcVJX/cFudM4p8wp1W4rA==",
            "dev": true
        },
        "node_modules/@types/node": {
            "version": "14.18.12",
            "resolved": "https://registry.npmjs.org/@types/node/-/node-14.18.12.tgz",
            "integrity": "sha512-q4jlIR71hUpWTnGhXWcakgkZeHa3CCjcQcnuzU8M891BAWA2jHiziiWEPEkdS5pFsz7H9HJiy8BrK7tBRNrY7A==",
            "dev": true
        },
        "node_modules/typescript": {
            "version": "4.5.5",
            "resolved": "https://registry.npmjs.org/typescript/-/typescript-4.5.5.tgz",
            "integrity": "sha512-TCTIul70LyWe6IJWT8QSYeA54WQe8EjQFU4wY52Fasj5UKx88LNYKCgBEHcOMOrFF1rKGbD8v/xcNWVUq9SymA==",
            "dev": true,
            "bin": {
                "tsc": "bin/tsc",
                "tsserver": "bin/tsserver"
            },
            "engines": {
                "node": ">=4.2.0"
            }
        }
    },
    "dependencies": {
        "@types/aws-lambda": {
            "version": "8.10.92",
            "resolved": "https://registry.npmjs.org/@types/aws-lambda/-/aws-lambda-8.10.92.tgz",
            "integrity": "sha512-dB14TltT1SNq73z3MaZfKyyBZ37NAgAFl8jze59bisR4fJ6pB6AYGxItHFkooZbN7UcVJX/cFudM4p8wp1W4rA==",
            "dev": true
        },
        "@types/node": {
            "version": "14.18.12",
            "resolved": "https://registry.npmjs.org/@types/node/-/node-14.18.12.tgz",
            "integrity": "sha512-q4jlIR71hUpWTnGhXWcakgkZeHa3CCjcQcnuzU8M891BAWA2jHiziiWEPEkdS5pFsz7H9HJiy8BrK7tBRNrY7A==",
            "dev": true
        },
        "typescript": {
            "version": "4.5.5",
            "resolved": "https://registry.npmjs.org/typescript/-/typescript-4.5.5.tgz",
            "integrity": "sha512-TCTIul70LyWe6IJWT8QSYeA54WQe8EjQFU4wY52Fasj5UKx88LNYKCgBEHcOMOrFF1rKGbD8v/xcNWVUq9SymA==",
            "dev": true
        }
    }
}
